
Microsoft Visual Studio Solution File, Format Version 12.00
# Visual Studio Version 17
VisualStudioVersion = 17.9.34902.65
MinimumVisualStudioVersion = 10.0.40219.1
Project("{FAE04EC0-301F-11D3-BF4B-00C04F79EFBC}") = "BusinessLayer", "BusinessLayer\BusinessLayer.csproj", "{97C15385-4F32-49A9-9716-368AEC009195}"
EndProject
Project("{FAE04EC0-301F-11D3-BF4B-00C04F79EFBC}") = "PresentationLayer HRM", "HRM\PresentationLayer HRM.csproj", "{E7BBA36B-50E9-42B3-9799-003377770932}"
EndProject
Project("{FAE04EC0-301F-11D3-BF4B-00C04F79EFBC}") = "Data_Layer", "Data_Layer\Data_Layer.csproj", "{5E937F58-5D74-4DAF-B02C-062E6FE2F6F4}"
EndProject
Project("{54435603-DBB4-11D2-8724-00A0C9A8B90C}") = "Setup", "Setup\Setup.vdproj", "{C4392D28-F727-47B4-AC11-7001FBDBFB11}"
EndProject
Global
	GlobalSection(SolutionConfigurationPlatforms) = preSolution
		Debug|Any CPU = Debug|Any CPU
		Release|Any CPU = Release|Any CPU
	EndGlobalSection
	GlobalSection(ProjectConfigurationPlatforms) = postSolution
		{97C15385-4F32-49A9-9716-368AEC009195}.Debug|Any CPU.ActiveCfg = Debug|Any CPU
		{97C15385-4F32-49A9-9716-368AEC009195}.Debug|Any CPU.Build.0 = Debug|Any CPU
		{97C15385-4F32-49A9-9716-368AEC009195}.Release|Any CPU.ActiveCfg = Release|Any CPU
		{97C15385-4F32-49A9-9716-368AEC009195}.Release|Any CPU.Build.0 = Release|Any CPU
		{E7BBA36B-50E9-42B3-9799-003377770932}.Debug|Any CPU.ActiveCfg = Debug|Any CPU
		{E7BBA36B-50E9-42B3-9799-003377770932}.Debug|Any CPU.Build.0 = Debug|Any CPU
		{E7BBA36B-50E9-42B3-9799-003377770932}.Release|Any CPU.ActiveCfg = Release|Any CPU
		{E7BBA36B-50E9-42B3-9799-003377770932}.Release|Any CPU.Build.0 = Release|Any CPU
		{5E937F58-5D74-4DAF-B02C-062E6FE2F6F4}.Debug|Any CPU.ActiveCfg = Debug|Any CPU
		{5E937F58-5D74-4DAF-B02C-062E6FE2F6F4}.Debug|Any CPU.Build.0 = Debug|Any CPU
		{5E937F58-5D74-4DAF-B02C-062E6FE2F6F4}.Release|Any CPU.ActiveCfg = Release|Any CPU
		{5E937F58-5D74-4DAF-B02C-062E6FE2F6F4}.Release|Any CPU.Build.0 = Release|Any CPU
		{C4392D28-F727-47B4-AC11-7001FBDBFB11}.Debug|Any CPU.ActiveCfg = Debug
		{C4392D28-F727-47B4-AC11-7001FBDBFB11}.Release|Any CPU.ActiveCfg = Release
	EndGlobalSection
	GlobalSection(SolutionProperties) = preSolution
		HideSolutionNode = FALSE
	EndGlobalSection
	GlobalSection(ExtensibilityGlobals) = postSolution
		SolutionGuid = {C290B014-AE6D-4E6C-BB80-2DC985313990}
	EndGlobalSection
EndGlobal
